
Microsoft Visual Studio Solution File, Format Version 12.00
# Visual Studio Version 17
VisualStudioVersion = 17.5.33502.453
MinimumVisualStudioVersion = 10.0.40219.1
Project("{9A19103F-16F7-4668-BE54-9A1E7A4F7556}") = "Week2_homework_TaskSystem", "Week2_homework_TaskSystem.csproj", "{C6EC6890-C87F-4445-B082-99470833B958}"
EndProject
Project("{9A19103F-16F7-4668-BE54-9A1E7A4F7556}") = "Week2_L4_exercises", "..\Week2_L4_exercises\Week2_L4_exercises.csproj", "{86EF6A86-C402-41ED-8DA3-8F1C17445986}"
EndProject
Project("{9A19103F-16F7-4668-BE54-9A1E7A4F7556}") = "Week2_L7_exercises", "..\Week2_L7_exercises\Week2_L7_exercises.csproj", "{E5982D0C-08CF-4C42-91AC-A02AC9234E1A}"
EndProject
Project("{9A19103F-16F7-4668-BE54-9A1E7A4F7556}") = "Week2_L8_exercises", "..\Week2_L8_exercises\Week2_L8_exercises.csproj", "{649FDB1A-363C-4058-A264-18F47EFF778B}"
EndProject
Project("{2150E333-8FDC-42A3-9474-1A3956D46DE8}") = "Week2", "Week2", "{81B6A3C7-5868-44A7-99FC-AB6746E219A9}"
EndProject
Project("{2150E333-8FDC-42A3-9474-1A3956D46DE8}") = "Week3", "Week3", "{FABEFD6F-9D9B-405A-B443-5DC0B5F61C8F}"
EndProject
Project("{9A19103F-16F7-4668-BE54-9A1E7A4F7556}") = "TaskSystem", "..\..\week3\TaskSystem_ConsoleApp\TaskSystem_ConsoleApp\TaskSystem.csproj", "{8E978E02-D836-44D4-B9DC-A6463667C6F5}"
EndProject
Project("{9A19103F-16F7-4668-BE54-9A1E7A4F7556}") = "TaskSystem.Domain", "..\..\week3\TaskSystem_ConsoleApp\TaskSystem.Domain\TaskSystem.Domain.csproj", "{962138B9-6468-4E56-A108-849B95B73ACE}"
EndProject
Project("{9A19103F-16F7-4668-BE54-9A1E7A4F7556}") = "TaskSystem.App", "..\..\week3\TaskSystem_ConsoleApp\TaskSystem.App\TaskSystem.App.csproj", "{E486F681-0EC3-4231-8602-AD29E6C334CA}"
EndProject
Project("{2150E333-8FDC-42A3-9474-1A3956D46DE8}") = "first version", "first version", "{39923AF1-6B05-418F-A2D5-DFC22BAEACC4}"
EndProject
Project("{2150E333-8FDC-42A3-9474-1A3956D46DE8}") = "second version", "second version", "{64FB49C5-5BC9-4242-B1D8-AB3D4401EEE7}"
EndProject
Project("{FAE04EC0-301F-11D3-BF4B-00C04F79EFBC}") = "TaskApp", "..\TaskApp\TaskApp.csproj", "{6F328A19-C4D8-4FF1-8EC3-FD39B9CCDB96}"
EndProject
Project("{FAE04EC0-301F-11D3-BF4B-00C04F79EFBC}") = "TaskApp.App", "..\TaskApp.App\TaskApp.App.csproj", "{D746462A-0AC1-4A0E-8494-B258B4EBD047}"
EndProject
Project("{FAE04EC0-301F-11D3-BF4B-00C04F79EFBC}") = "TaskApp.Domain", "..\TaskApp.Domain\TaskApp.Domain.csproj", "{E9C1A156-3FE6-4681-9196-0B55955498AE}"
EndProject
Global
	GlobalSection(SolutionConfigurationPlatforms) = preSolution
		Debug|Any CPU = Debug|Any CPU
		Release|Any CPU = Release|Any CPU
	EndGlobalSection
	GlobalSection(ProjectConfigurationPlatforms) = postSolution
		{C6EC6890-C87F-4445-B082-99470833B958}.Debug|Any CPU.ActiveCfg = Debug|Any CPU
		{C6EC6890-C87F-4445-B082-99470833B958}.Debug|Any CPU.Build.0 = Debug|Any CPU
		{C6EC6890-C87F-4445-B082-99470833B958}.Release|Any CPU.ActiveCfg = Release|Any CPU
		{C6EC6890-C87F-4445-B082-99470833B958}.Release|Any CPU.Build.0 = Release|Any CPU
		{86EF6A86-C402-41ED-8DA3-8F1C17445986}.Debug|Any CPU.ActiveCfg = Debug|Any CPU
		{86EF6A86-C402-41ED-8DA3-8F1C17445986}.Debug|Any CPU.Build.0 = Debug|Any CPU
		{86EF6A86-C402-41ED-8DA3-8F1C17445986}.Release|Any CPU.ActiveCfg = Release|Any CPU
		{86EF6A86-C402-41ED-8DA3-8F1C17445986}.Release|Any CPU.Build.0 = Release|Any CPU
		{E5982D0C-08CF-4C42-91AC-A02AC9234E1A}.Debug|Any CPU.ActiveCfg = Debug|Any CPU
		{E5982D0C-08CF-4C42-91AC-A02AC9234E1A}.Debug|Any CPU.Build.0 = Debug|Any CPU
		{E5982D0C-08CF-4C42-91AC-A02AC9234E1A}.Release|Any CPU.ActiveCfg = Release|Any CPU
		{E5982D0C-08CF-4C42-91AC-A02AC9234E1A}.Release|Any CPU.Build.0 = Release|Any CPU
		{649FDB1A-363C-4058-A264-18F47EFF778B}.Debug|Any CPU.ActiveCfg = Debug|Any CPU
		{649FDB1A-363C-4058-A264-18F47EFF778B}.Debug|Any CPU.Build.0 = Debug|Any CPU
		{649FDB1A-363C-4058-A264-18F47EFF778B}.Release|Any CPU.ActiveCfg = Release|Any CPU
		{649FDB1A-363C-4058-A264-18F47EFF778B}.Release|Any CPU.Build.0 = Release|Any CPU
		{8E978E02-D836-44D4-B9DC-A6463667C6F5}.Debug|Any CPU.ActiveCfg = Debug|Any CPU
		{8E978E02-D836-44D4-B9DC-A6463667C6F5}.Debug|Any CPU.Build.0 = Debug|Any CPU
		{8E978E02-D836-44D4-B9DC-A6463667C6F5}.Release|Any CPU.ActiveCfg = Release|Any CPU
		{8E978E02-D836-44D4-B9DC-A6463667C6F5}.Release|Any CPU.Build.0 = Release|Any CPU
		{962138B9-6468-4E56-A108-849B95B73ACE}.Debug|Any CPU.ActiveCfg = Debug|Any CPU
		{962138B9-6468-4E56-A108-849B95B73ACE}.Debug|Any CPU.Build.0 = Debug|Any CPU
		{962138B9-6468-4E56-A108-849B95B73ACE}.Release|Any CPU.ActiveCfg = Release|Any CPU
		{962138B9-6468-4E56-A108-849B95B73ACE}.Release|Any CPU.Build.0 = Release|Any CPU
		{E486F681-0EC3-4231-8602-AD29E6C334CA}.Debug|Any CPU.ActiveCfg = Debug|Any CPU
		{E486F681-0EC3-4231-8602-AD29E6C334CA}.Debug|Any CPU.Build.0 = Debug|Any CPU
		{E486F681-0EC3-4231-8602-AD29E6C334CA}.Release|Any CPU.ActiveCfg = Release|Any CPU
		{E486F681-0EC3-4231-8602-AD29E6C334CA}.Release|Any CPU.Build.0 = Release|Any CPU
		{6F328A19-C4D8-4FF1-8EC3-FD39B9CCDB96}.Debug|Any CPU.ActiveCfg = Debug|Any CPU
		{6F328A19-C4D8-4FF1-8EC3-FD39B9CCDB96}.Debug|Any CPU.Build.0 = Debug|Any CPU
		{6F328A19-C4D8-4FF1-8EC3-FD39B9CCDB96}.Release|Any CPU.ActiveCfg = Release|Any CPU
		{6F328A19-C4D8-4FF1-8EC3-FD39B9CCDB96}.Release|Any CPU.Build.0 = Release|Any CPU
		{D746462A-0AC1-4A0E-8494-B258B4EBD047}.Debug|Any CPU.ActiveCfg = Debug|Any CPU
		{D746462A-0AC1-4A0E-8494-B258B4EBD047}.Debug|Any CPU.Build.0 = Debug|Any CPU
		{D746462A-0AC1-4A0E-8494-B258B4EBD047}.Release|Any CPU.ActiveCfg = Release|Any CPU
		{D746462A-0AC1-4A0E-8494-B258B4EBD047}.Release|Any CPU.Build.0 = Release|Any CPU
		{E9C1A156-3FE6-4681-9196-0B55955498AE}.Debug|Any CPU.ActiveCfg = Debug|Any CPU
		{E9C1A156-3FE6-4681-9196-0B55955498AE}.Debug|Any CPU.Build.0 = Debug|Any CPU
		{E9C1A156-3FE6-4681-9196-0B55955498AE}.Release|Any CPU.ActiveCfg = Release|Any CPU
		{E9C1A156-3FE6-4681-9196-0B55955498AE}.Release|Any CPU.Build.0 = Release|Any CPU
	EndGlobalSection
	GlobalSection(SolutionProperties) = preSolution
		HideSolutionNode = FALSE
	EndGlobalSection
	GlobalSection(NestedProjects) = preSolution
		{C6EC6890-C87F-4445-B082-99470833B958} = {81B6A3C7-5868-44A7-99FC-AB6746E219A9}
		{86EF6A86-C402-41ED-8DA3-8F1C17445986} = {81B6A3C7-5868-44A7-99FC-AB6746E219A9}
		{E5982D0C-08CF-4C42-91AC-A02AC9234E1A} = {81B6A3C7-5868-44A7-99FC-AB6746E219A9}
		{649FDB1A-363C-4058-A264-18F47EFF778B} = {81B6A3C7-5868-44A7-99FC-AB6746E219A9}
		{8E978E02-D836-44D4-B9DC-A6463667C6F5} = {39923AF1-6B05-418F-A2D5-DFC22BAEACC4}
		{962138B9-6468-4E56-A108-849B95B73ACE} = {39923AF1-6B05-418F-A2D5-DFC22BAEACC4}
		{E486F681-0EC3-4231-8602-AD29E6C334CA} = {39923AF1-6B05-418F-A2D5-DFC22BAEACC4}
		{39923AF1-6B05-418F-A2D5-DFC22BAEACC4} = {FABEFD6F-9D9B-405A-B443-5DC0B5F61C8F}
		{64FB49C5-5BC9-4242-B1D8-AB3D4401EEE7} = {FABEFD6F-9D9B-405A-B443-5DC0B5F61C8F}
		{6F328A19-C4D8-4FF1-8EC3-FD39B9CCDB96} = {64FB49C5-5BC9-4242-B1D8-AB3D4401EEE7}
		{D746462A-0AC1-4A0E-8494-B258B4EBD047} = {64FB49C5-5BC9-4242-B1D8-AB3D4401EEE7}
		{E9C1A156-3FE6-4681-9196-0B55955498AE} = {64FB49C5-5BC9-4242-B1D8-AB3D4401EEE7}
	EndGlobalSection
	GlobalSection(ExtensibilityGlobals) = postSolution
		SolutionGuid = {8E4F8C47-F65A-413B-941F-488DBB09F9CC}
	EndGlobalSection
EndGlobal
